{
    "_readme": [
        "This file locks the dependencies of your project to a known state",
        "Read more about it at http://getcomposer.org/doc/01-basic-usage.md#composer-lock-the-lock-file",
        "This file is @generated automatically"
    ],
    "hash": "57852675f198fb3269fa590b7c4a3a28",
    "packages": [
        {
            "name": "earthit/php-common",
            "version": "0.0.14",
            "source": {
                "type": "git",
                "url": "https://github.com/EarthlingInteractive/PHPCommon.git",
                "reference": "f1a734c4550b459b2446a7c70e7b6e272de89d26"
            },
            "dist": {
                "type": "zip",
                "url": "https://api.github.com/repos/EarthlingInteractive/PHPCommon/zipball/f1a734c4550b459b2446a7c70e7b6e272de89d26",
                "reference": "f1a734c4550b459b2446a7c70e7b6e272de89d26",
                "shasum": ""
            },
            "require": {
                "php": ">=5.2",
                "ryprop/nife": "^0.2"
            },
            "require-dev": {
                "phpunit/phpunit": "^3.7"
            },
            "type": "library",
            "autoload": {
                "psr-0": {
                    "EarthIT_": "lib/"
                }
            },
            "notification-url": "https://packagist.org/downloads/",
            "description": "EarthIT Common PHP Classes",
            "time": "2015-03-05 18:11:21"
        },
        {
            "name": "earthit/php-project-rewriter",
            "version": "0.1.0",
            "source": {
                "type": "git",
                "url": "https://github.com/EarthlingInteractive/PHPProjectRewriter.git",
                "reference": "e4427007a29b97a93eca4a79d3a18910f2e2e7a5"
            },
            "dist": {
                "type": "zip",
                "url": "https://api.github.com/repos/EarthlingInteractive/PHPProjectRewriter/zipball/e4427007a29b97a93eca4a79d3a18910f2e2e7a5",
                "reference": "e4427007a29b97a93eca4a79d3a18910f2e2e7a5",
                "shasum": ""
            },
            "type": "library",
            "autoload": {
                "psr-0": {
                    "EarthIT_PHPProjectRewriter": "lib/"
                }
            },
            "notification-url": "https://packagist.org/downloads/",
            "description": "Creates a new project from an old one, rewriting identifiers as appropriate.",
            "time": "2014-11-12 19:53:21"
        },
        {
            "name": "earthit/schema",
            "version": "0.1.5",
            "source": {
                "type": "git",
                "url": "https://github.com/EarthlingInteractive/PHPSchema.git",
                "reference": "b4339492fa9928db3a3f348ff9e03025b8a480c2"
            },
            "dist": {
                "type": "zip",
                "url": "https://api.github.com/repos/EarthlingInteractive/PHPSchema/zipball/b4339492fa9928db3a3f348ff9e03025b8a480c2",
                "reference": "b4339492fa9928db3a3f348ff9e03025b8a480c2",
                "shasum": ""
            },
            "require": {
                "php": ">=5.2"
            },
            "type": "library",
            "autoload": {
                "psr-0": {
                    "EarthIT_Schema": "lib/"
                }
            },
            "notification-url": "https://packagist.org/downloads/",
            "description": "Schema definition classes",
            "time": "2015-03-07 17:51:36"
        },
        {
            "name": "ryprop/nife",
            "version": "0.2.4",
            "source": {
                "type": "git",
                "url": "https://github.com/ryprop/nife.git",
                "reference": "73aac78b4298b997cc61edfd6a5d61fd9f43a059"
            },
            "dist": {
                "type": "zip",
                "url": "https://api.github.com/repos/ryprop/nife/zipball/73aac78b4298b997cc61edfd6a5d61fd9f43a059",
                "reference": "73aac78b4298b997cc61edfd6a5d61fd9f43a059",
                "shasum": ""
            },
            "require": {
                "php": ">=5.2"
            },
            "require-dev": {
                "phpunit/phpunit": "^3.7"
            },
            "type": "library",
            "autoload": {
                "psr-0": {
                    "Nife_": "lib/"
                }
            },
            "notification-url": "https://packagist.org/downloads/",
            "authors": [
                {
                    "name": "Ryan Parker",
                    "email": "ryan@nife-framework.org",
                    "homepage": "http://www.nife-framework.org/"
                }
            ],
            "description": "Modern, no-bullshit MVC framework for PHP",
            "homepage": "http://www.nife-framework.org",
            "keywords": [
                "mvc",
                "nife"
            ],
            "time": "2015-03-05 17:21:17"
        }
    ],
    "packages-dev": [],
    "aliases": [],
    "minimum-stability": "stable",
    "stability-flags": [],
    "prefer-stable": false,
    "prefer-lowest": false,
    "platform": [],
    "platform-dev": []
}
